{
  "version": 4,
  "terraform_version": "0.12.13",
  "serial": 2,
  "lineage": "4e1fe447-c117-25db-0b44-9e6af101612f",
  "outputs": {},
  "resources": [
    {
      "mode": "managed",
      "type": "gitlab_project",
      "name": "sample_project",
      "each": "map",
      "provider": "provider.gitlab",
      "instances": [
        {
          "index_key": "Test",
          "schema_version": 0,
          "attributes": {
            "approvals_before_merge": 1,
            "archived": false,
            "container_registry_enabled": true,
            "default_branch": "master",
            "description": "",
            "http_url_to_repo": "https://gitlab.com/joerod/test.git",
            "id": "12794887",
            "initialize_with_readme": null,
            "issues_enabled": true,
            "merge_method": "merge",
            "merge_requests_enabled": true,
            "name": "Test",
            "namespace_id": 4033046,
            "only_allow_merge_if_all_discussions_are_resolved": true,
            "only_allow_merge_if_pipeline_succeeds": false,
            "path": "test",
            "runners_token": "g4SFYjyVRzCWSwM1_teL",
            "shared_runners_enabled": true,
            "shared_with_groups": [],
            "snippets_enabled": true,
            "ssh_url_to_repo": "git@gitlab.com:joerod/test.git",
            "tags": [],
            "visibility_level": "public",
            "web_url": "https://gitlab.com/joerod/test",
            "wiki_enabled": true
          }
        },
        {
          "index_key": "joes_project",
          "schema_version": 0,
          "attributes": {
            "approvals_before_merge": 1,
            "archived": false,
            "container_registry_enabled": true,
            "default_branch": "master",
            "description": "",
            "http_url_to_repo": "https://gitlab.com/joerod/joes_project.git",
            "id": "15255364",
            "initialize_with_readme": null,
            "issues_enabled": true,
            "merge_method": "merge",
            "merge_requests_enabled": true,
            "name": "joes_project",
            "namespace_id": 4033046,
            "only_allow_merge_if_all_discussions_are_resolved": true,
            "only_allow_merge_if_pipeline_succeeds": false,
            "path": "joes_project",
            "runners_token": "d4yBBvCo3XdRGVYyDGAu",
            "shared_runners_enabled": false,
            "shared_with_groups": [],
            "snippets_enabled": true,
            "ssh_url_to_repo": "git@gitlab.com:joerod/joes_project.git",
            "tags": [],
            "visibility_level": "public",
            "web_url": "https://gitlab.com/joerod/joes_project",
            "wiki_enabled": true
          }
        }
      ]
    }
  ]
}
